
Microsoft Visual Studio Solution File, Format Version 12.00
# Visual Studio 2012
Project("{FAE04EC0-301F-11D3-BF4B-00C04F79EFBC}") = "NorthwindApp", "NorthwindApp\NorthwindApp.csproj", "{75143783-5C6F-4154-ABA3-B7AAAD6858DE}"
EndProject
Global
	GlobalSection(SolutionConfigurationPlatforms) = preSolution
		Debug|Any CPU = Debug|Any CPU
		Release|Any CPU = Release|Any CPU
	EndGlobalSection
	GlobalSection(ProjectConfigurationPlatforms) = postSolution
		{75143783-5C6F-4154-ABA3-B7AAAD6858DE}.Debug|Any CPU.ActiveCfg = Debug|Any CPU
		{75143783-5C6F-4154-ABA3-B7AAAD6858DE}.Debug|Any CPU.Build.0 = Debug|Any CPU
		{75143783-5C6F-4154-ABA3-B7AAAD6858DE}.Release|Any CPU.ActiveCfg = Release|Any CPU
		{75143783-5C6F-4154-ABA3-B7AAAD6858DE}.Release|Any CPU.Build.0 = Release|Any CPU
	EndGlobalSection
	GlobalSection(SolutionProperties) = preSolution
		HideSolutionNode = FALSE
	EndGlobalSection
EndGlobal
